schema: '2.0'
stages:
  load_data:
    cmd: python src/load_data.py --config=params.yaml
    deps:
    - path: data_given/Boston.csv
      md5: b267733444c5898bd117cc9da8ef2178
      size: 37658
    - path: src/get_data.py
      md5: 405b0d0e711e441117150156ed76ba4e
      size: 694
    - path: src/load_data.py
      md5: c66af851f9003b43e2ee59ac78ffbf12
      size: 726
    outs:
    - path: data/raw/Boston.csv
      md5: 1063c2d0850a847c4d88b67cc9f87b8b
      size: 34482
